
Microsoft Visual Studio Solution File, Format Version 12.00
# Visual Studio Version 16
VisualStudioVersion = 16.0.31424.327
MinimumVisualStudioVersion = 10.0.40219.1
Project("{FAE04EC0-301F-11D3-BF4B-00C04F79EFBC}") = "EndlessIBaldur", "EndlessIBaldur.csproj", "{BA24EF31-4526-407C-A04E-07A03FEC2096}"
EndProject
Global
	GlobalSection(SolutionConfigurationPlatforms) = preSolution
		Debug|Any CPU = Debug|Any CPU
		Release|Any CPU = Release|Any CPU
	EndGlobalSection
	GlobalSection(ProjectConfigurationPlatforms) = postSolution
		{BA24EF31-4526-407C-A04E-07A03FEC2096}.Debug|Any CPU.ActiveCfg = Debug|Any CPU
		{BA24EF31-4526-407C-A04E-07A03FEC2096}.Debug|Any CPU.Build.0 = Debug|Any CPU
		{BA24EF31-4526-407C-A04E-07A03FEC2096}.Release|Any CPU.ActiveCfg = Release|Any CPU
		{BA24EF31-4526-407C-A04E-07A03FEC2096}.Release|Any CPU.Build.0 = Release|Any CPU
	EndGlobalSection
	GlobalSection(SolutionProperties) = preSolution
		HideSolutionNode = FALSE
	EndGlobalSection
	GlobalSection(ExtensibilityGlobals) = postSolution
		SolutionGuid = {E02B5336-15C8-45E1-8B69-77491450099B}
	EndGlobalSection
EndGlobal
